// !$*UTF8*$!
{
	archiveVersion = 1;
	classes = {
	};
	objectVersion = 46;
	objects = {

/* Begin PBXBuildFile section */
		8B24A5A71A0C4B0F00AA956A /* AppDelegate.swift in Sources */ = {isa = PBXBuildFile; fileRef = 8B24A5A61A0C4B0F00AA956A /* AppDelegate.swift */; };
		8B24A5A91A0C4B0F00AA956A /* ViewController.swift in Sources */ = {isa = PBXBuildFile; fileRef = 8B24A5A81A0C4B0F00AA956A /* ViewController.swift */; };
		8B24A5AC1A0C4B0F00AA956A /* Main.storyboard in Resources */ = {isa = PBXBuildFile; fileRef = 8B24A5AA1A0C4B0F00AA956A /* Main.storyboard */; };
		8B24A5AE1A0C4B0F00AA956A /* Images.xcassets in Resources */ = {isa = PBXBuildFile; fileRef = 8B24A5AD1A0C4B0F00AA956A /* Images.xcassets */; };
		8B24A5B11A0C4B0F00AA956A /* LaunchScreen.xib in Resources */ = {isa = PBXBuildFile; fileRef = 8B24A5AF1A0C4B0F00AA956A /* LaunchScreen.xib */; };
		8B24A5BD1A0C4B1000AA956A /* PostcardTests.swift in Sources */ = {isa = PBXBuildFile; fileRef = 8B24A5BC1A0C4B1000AA956A /* PostcardTests.swift */; };
		8B53411A1A13F539008D148F /* AlbertEinsteinStamp.jpg in Resources */ = {isa = PBXBuildFile; fileRef = 8B5341191A13F539008D148F /* AlbertEinsteinStamp.jpg */; };
		8BE906161A131C4400E8D2CA /* SagradaFamilia.jpeg in Resources */ = {isa = PBXBuildFile; fileRef = 8BE906151A131C4400E8D2CA /* SagradaFamilia.jpeg */; };
/* End PBXBuildFile section */

/* Begin PBXContainerItemProxy section */
		8B24A5B71A0C4B1000AA956A /* PBXContainerItemProxy */ = {
			isa = PBXContainerItemProxy;
			containerPortal = 8B24A5991A0C4B0E00AA956A /* Project object */;
			proxyType = 1;
			remoteGlobalIDString = 8B24A5A01A0C4B0F00AA956A;
			remoteInfo = Postcard;
		};
/* End PBXContainerItemProxy section */

/* Begin PBXFileReference section */
		8B24A5A11A0C4B0F00AA956A /* Postcard.app */ = {isa = PBXFileReference; explicitFileType = wrapper.application; includeInIndex = 0; path = Postcard.app; sourceTree = BUILT_PRODUCTS_DIR; };
		8B24A5A51A0C4B0F00AA956A /* Info.plist */ = {isa = PBXFileReference; lastKnownFileType = text.plist.xml; path = Info.plist; sourceTree = "<group>"; };
		8B24A5A61A0C4B0F00AA956A /* AppDelegate.swift */ = {isa = PBXFileReference; lastKnownFileType = sourcecode.swift; path = AppDelegate.swift; sourceTree = "<group>"; };
		8B24A5A81A0C4B0F00AA956A /* ViewController.swift */ = {isa = PBXFileReference; lastKnownFileType = sourcecode.swift; path = ViewController.swift; sourceTree = "<group>"; };
		8B24A5AB1A0C4B0F00AA956A /* Base */ = {isa = PBXFileReference; lastKnownFileType = file.storyboard; name = Base; path = Base.lproj/Main.storyboard; sourceTree = "<group>"; };
		8B24A5AD1A0C4B0F00AA956A /* Images.xcassets */ = {isa = PBXFileReference; lastKnownFileType = folder.assetcatalog; path = Images.xcassets; sourceTree = "<group>"; };
		8B24A5B01A0C4B0F00AA956A /* Base */ = {isa = PBXFileReference; lastKnownFileType = file.xib; name = Base; path = Base.lproj/LaunchScreen.xib; sourceTree = "<group>"; };
		8B24A5B61A0C4B1000AA956A /* PostcardTests.xctest */ = {isa = PBXFileReference; explicitFileType = wrapper.cfbundle; includeInIndex = 0; path = PostcardTests.xctest; sourceTree = BUILT_PRODUCTS_DIR; };
		8B24A5BB1A0C4B1000AA956A /* Info.plist */ = {isa = PBXFileReference; lastKnownFileType = text.plist.xml; path = Info.plist; sourceTree = "<group>"; };
		8B24A5BC1A0C4B1000AA956A /* PostcardTests.swift */ = {isa = PBXFileReference; lastKnownFileType = sourcecode.swift; path = PostcardTests.swift; sourceTree = "<group>"; };
		8B5341191A13F539008D148F /* AlbertEinsteinStamp.jpg */ = {isa = PBXFileReference; lastKnownFileType = image.jpeg; path = AlbertEinsteinStamp.jpg; sourceTree = "<group>"; };
		8BE906151A131C4400E8D2CA /* SagradaFamilia.jpeg */ = {isa = PBXFileReference; lastKnownFileType = image.jpeg; name = SagradaFamilia.jpeg; path = PostcardTests/SagradaFamilia.jpeg; sourceTree = SOURCE_ROOT; };
/* End PBXFileReference section */

/* Begin PBXFrameworksBuildPhase section */
		8B24A59E1A0C4B0F00AA956A /* Frameworks */ = {
			isa = PBXFrameworksBuildPhase;
			buildActionMask = 2147483647;
			files = (
			);
			runOnlyForDeploymentPostprocessing = 0;
		};
		8B24A5B31A0C4B1000AA956A /* Frameworks */ = {
			isa = PBXFrameworksBuildPhase;
			buildActionMask = 2147483647;
			files = (
			);
			runOnlyForDeploymentPostprocessing = 0;
		};
/* End PBXFrameworksBuildPhase section */

/* Begin PBXGroup section */
		8B24A5981A0C4B0E00AA956A = {
			isa = PBXGroup;
			children = (
				8B24A5A31A0C4B0F00AA956A /* Postcard */,
				8B24A5B91A0C4B1000AA956A /* PostcardTests */,
				8B24A5A21A0C4B0F00AA956A /* Products */,
			);
			sourceTree = "<group>";
		};
		8B24A5A21A0C4B0F00AA956A /* Products */ = {
			isa = PBXGroup;
			children = (
				8B24A5A11A0C4B0F00AA956A /* Postcard.app */,
				8B24A5B61A0C4B1000AA956A /* PostcardTests.xctest */,
			);
			name = Products;
			sourceTree = "<group>";
		};
		8B24A5A31A0C4B0F00AA956A /* Postcard */ = {
			isa = PBXGroup;
			children = (
				8B24A5A61A0C4B0F00AA956A /* AppDelegate.swift */,
				8B24A5A81A0C4B0F00AA956A /* ViewController.swift */,
				8B24A5AA1A0C4B0F00AA956A /* Main.storyboard */,
				8B24A5AD1A0C4B0F00AA956A /* Images.xcassets */,
				8B24A5AF1A0C4B0F00AA956A /* LaunchScreen.xib */,
				8B24A5A41A0C4B0F00AA956A /* Supporting Files */,
			);
			path = Postcard;
			sourceTree = "<group>";
		};
		8B24A5A41A0C4B0F00AA956A /* Supporting Files */ = {
			isa = PBXGroup;
			children = (
				8BE906151A131C4400E8D2CA /* SagradaFamilia.jpeg */,
				8B5341191A13F539008D148F /* AlbertEinsteinStamp.jpg */,
				8B24A5A51A0C4B0F00AA956A /* Info.plist */,
			);
			name = "Supporting Files";
			sourceTree = "<group>";
		};
		8B24A5B91A0C4B1000AA956A /* PostcardTests */ = {
			isa = PBXGroup;
			children = (
				8B24A5BC1A0C4B1000AA956A /* PostcardTests.swift */,
				8B24A5BA1A0C4B1000AA956A /* Supporting Files */,
			);
			path = PostcardTests;
			sourceTree = "<group>";
		};
		8B24A5BA1A0C4B1000AA956A /* Supporting Files */ = {
			isa = PBXGroup;
			children = (
				8B24A5BB1A0C4B1000AA956A /* Info.plist */,
			);
			name = "Supporting Files";
			sourceTree = "<group>";
		};
/* End PBXGroup section */

/* Begin PBXNativeTarget section */
		8B24A5A01A0C4B0F00AA956A /* Postcard */ = {
			isa = PBXNativeTarget;
			buildConfigurationList = 8B24A5C01A0C4B1000AA956A /* Build configuration list for PBXNativeTarget "Postcard" */;
			buildPhases = (
				8B24A59D1A0C4B0F00AA956A /* Sources */,
				8B24A59E1A0C4B0F00AA956A /* Frameworks */,
				8B24A59F1A0C4B0F00AA956A /* Resources */,
			);
			buildRules = (
			);
			dependencies = (
			);
			name = Postcard;
			productName = Postcard;
			productReference = 8B24A5A11A0C4B0F00AA956A /* Postcard.app */;
			productType = "com.apple.product-type.application";
		};
		8B24A5B51A0C4B1000AA956A /* PostcardTests */ = {
			isa = PBXNativeTarget;
			buildConfigurationList = 8B24A5C31A0C4B1000AA956A /* Build configuration list for PBXNativeTarget "PostcardTests" */;
			buildPhases = (
				8B24A5B21A0C4B1000AA956A /* Sources */,
				8B24A5B31A0C4B1000AA956A /* Frameworks */,
				8B24A5B41A0C4B1000AA956A /* Resources */,
			);
			buildRules = (
			);
			dependencies = (
				8B24A5B81A0C4B1000AA956A /* PBXTargetDependency */,
			);
			name = PostcardTests;
			productName = PostcardTests;
			productReference = 8B24A5B61A0C4B1000AA956A /* PostcardTests.xctest */;
			productType = "com.apple.product-type.bundle.unit-test";
		};
/* End PBXNativeTarget section */

/* Begin PBXProject section */
		8B24A5991A0C4B0E00AA956A /* Project object */ = {
			isa = PBXProject;
			attributes = {
				LastUpgradeCheck = 0610;
				ORGANIZATIONNAME = "Kevin Berk";
				TargetAttributes = {
					8B24A5A01A0C4B0F00AA956A = {
						CreatedOnToolsVersion = 6.1;
					};
					8B24A5B51A0C4B1000AA956A = {
						CreatedOnToolsVersion = 6.1;
						TestTargetID = 8B24A5A01A0C4B0F00AA956A;
					};
				};
			};
			buildConfigurationList = 8B24A59C1A0C4B0E00AA956A /* Build configuration list for PBXProject "Postcard" */;
			compatibilityVersion = "Xcode 3.2";
			developmentRegion = English;
			hasScannedForEncodings = 0;
			knownRegions = (
				en,
				Base,
			);
			mainGroup = 8B24A5981A0C4B0E00AA956A;
			productRefGroup = 8B24A5A21A0C4B0F00AA956A /* Products */;
			projectDirPath = "";
			projectRoot = "";
			targets = (
				8B24A5A01A0C4B0F00AA956A /* Postcard */,
				8B24A5B51A0C4B1000AA956A /* PostcardTests */,
			);
		};
/* End PBXProject section */

/* Begin PBXResourcesBuildPhase section */
		8B24A59F1A0C4B0F00AA956A /* Resources */ = {
			isa = PBXResourcesBuildPhase;
			buildActionMask = 2147483647;
			files = (
				8B24A5AC1A0C4B0F00AA956A /* Main.storyboard in Resources */,
				8BE906161A131C4400E8D2CA /* SagradaFamilia.jpeg in Resources */,
				8B53411A1A13F539008D148F /* AlbertEinsteinStamp.jpg in Resources */,
				8B24A5B11A0C4B0F00AA956A /* LaunchScreen.xib in Resources */,
				8B24A5AE1A0C4B0F00AA956A /* Images.xcassets in Resources */,
			);
			runOnlyForDeploymentPostprocessing = 0;
		};
		8B24A5B41A0C4B1000AA956A /* Resources */ = {
			isa = PBXResourcesBuildPhase;
			buildActionMask = 2147483647;
			files = (
			);
			runOnlyForDeploymentPostprocessing = 0;
		};
/* End PBXResourcesBuildPhase section */

/* Begin PBXSourcesBuildPhase section */
		8B24A59D1A0C4B0F00AA956A /* Sources */ = {
			isa = PBXSourcesBuildPhase;
			buildActionMask = 2147483647;
			files = (
				8B24A5A91A0C4B0F00AA956A /* ViewController.swift in Sources */,
				8B24A5A71A0C4B0F00AA956A /* AppDelegate.swift in Sources */,
			);
			runOnlyForDeploymentPostprocessing = 0;
		};
		8B24A5B21A0C4B1000AA956A /* Sources */ = {
			isa = PBXSourcesBuildPhase;
			buildActionMask = 2147483647;
			files = (
				8B24A5BD1A0C4B1000AA956A /* PostcardTests.swift in Sources */,
			);
			runOnlyForDeploymentPostprocessing = 0;
		};
/* End PBXSourcesBuildPhase section */

/* Begin PBXTargetDependency section */
		8B24A5B81A0C4B1000AA956A /* PBXTargetDependency */ = {
			isa = PBXTargetDependency;
			target = 8B24A5A01A0C4B0F00AA956A /* Postcard */;
			targetProxy = 8B24A5B71A0C4B1000AA956A /* PBXContainerItemProxy */;
		};
/* End PBXTargetDependency section */

/* Begin PBXVariantGroup section */
		8B24A5AA1A0C4B0F00AA956A /* Main.storyboard */ = {
			isa = PBXVariantGroup;
			children = (
				8B24A5AB1A0C4B0F00AA956A /* Base */,
			);
			name = Main.storyboard;
			sourceTree = "<group>";
		};
		8B24A5AF1A0C4B0F00AA956A /* LaunchScreen.xib */ = {
			isa = PBXVariantGroup;
			children = (
				8B24A5B01A0C4B0F00AA956A /* Base */,
			);
			name = LaunchScreen.xib;
			sourceTree = "<group>";
		};
/* End PBXVariantGroup section */

/* Begin XCBuildConfiguration section */
		8B24A5BE1A0C4B1000AA956A /* Debug */ = {
			isa = XCBuildConfiguration;
			buildSettings = {
				ALWAYS_SEARCH_USER_PATHS = NO;
				CLANG_CXX_LANGUAGE_STANDARD = "gnu++0x";
				CLANG_CXX_LIBRARY = "libc++";
				CLANG_ENABLE_MODULES = YES;
				CLANG_ENABLE_OBJC_ARC = YES;
				CLANG_WARN_BOOL_CONVERSION = YES;
				CLANG_WARN_CONSTANT_CONVERSION = YES;
				CLANG_WARN_DIRECT_OBJC_ISA_USAGE = YES_ERROR;
				CLANG_WARN_EMPTY_BODY = YES;
				CLANG_WARN_ENUM_CONVERSION = YES;
				CLANG_WARN_INT_CONVERSION = YES;
				CLANG_WARN_OBJC_ROOT_CLASS = YES_ERROR;
				CLANG_WARN_UNREACHABLE_CODE = YES;
				CLANG_WARN__DUPLICATE_METHOD_MATCH = YES;
				"CODE_SIGN_IDENTITY[sdk=iphoneos*]" = "iPhone Developer";
				COPY_PHASE_STRIP = NO;
				ENABLE_STRICT_OBJC_MSGSEND = YES;
				GCC_C_LANGUAGE_STANDARD = gnu99;
				GCC_DYNAMIC_NO_PIC = NO;
				GCC_OPTIMIZATION_LEVEL = 0;
				GCC_PREPROCESSOR_DEFINITIONS = (
					"DEBUG=1",
					"$(inherited)",
				);
				GCC_SYMBOLS_PRIVATE_EXTERN = NO;
				GCC_WARN_64_TO_32_BIT_CONVERSION = YES;
				GCC_WARN_ABOUT_RETURN_TYPE = YES_ERROR;
				GCC_WARN_UNDECLARED_SELECTOR = YES;
				GCC_WARN_UNINITIALIZED_AUTOS = YES_AGGRESSIVE;
				GCC_WARN_UNUSED_FUNCTION = YES;
				GCC_WARN_UNUSED_VARIABLE = YES;
				IPHONEOS_DEPLOYMENT_TARGET = 8.1;
				MTL_ENABLE_DEBUG_INFO = YES;
				ONLY_ACTIVE_ARCH = YES;
				SDKROOT = iphoneos;
				SWIFT_OPTIMIZATION_LEVEL = "-Onone";
				TARGETED_DEVICE_FAMILY = "1,2";
			};
			name = Debug;
		};
		8B24A5BF1A0C4B1000AA956A /* Release */ = {
			isa = XCBuildConfiguration;
			buildSettings = {
				ALWAYS_SEARCH_USER_PATHS = NO;
				CLANG_CXX_LANGUAGE_STANDARD = "gnu++0x";
				CLANG_CXX_LIBRARY = "libc++";
				CLANG_ENABLE_MODULES = YES;
				CLANG_ENABLE_OBJC_ARC = YES;
				CLANG_WARN_BOOL_CONVERSION = YES;
				CLANG_WARN_CONSTANT_CONVERSION = YES;
				CLANG_WARN_DIRECT_OBJC_ISA_USAGE = YES_ERROR;
				CLANG_WARN_EMPTY_BODY = YES;
				CLANG_WARN_ENUM_CONVERSION = YES;
				CLANG_WARN_INT_CONVERSION = YES;
				CLANG_WARN_OBJC_ROOT_CLASS = YES_ERROR;
				CLANG_WARN_UNREACHABLE_CODE = YES;
				CLANG_WARN__DUPLICATE_METHOD_MATCH = YES;
				"CODE_SIGN_IDENTITY[sdk=iphoneos*]" = "iPhone Developer";
				COPY_PHASE_STRIP = YES;
				ENABLE_NS_ASSERTIONS = NO;
				ENABLE_STRICT_OBJC_MSGSEND = YES;
				GCC_C_LANGUAGE_STANDARD = gnu99;
				GCC_WARN_64_TO_32_BIT_CONVERSION = YES;
				GCC_WARN_ABOUT_RETURN_TYPE = YES_ERROR;
				GCC_WARN_UNDECLARED_SELECTOR = YES;
				GCC_WARN_UNINITIALIZED_AUTOS = YES_AGGRESSIVE;
				GCC_WARN_UNUSED_FUNCTION = YES;
				GCC_WARN_UNUSED_VARIABLE = YES;
				IPHONEOS_DEPLOYMENT_TARGET = 8.1;
				MTL_ENABLE_DEBUG_INFO = NO;
				SDKROOT = iphoneos;
				TARGETED_DEVICE_FAMILY = "1,2";
				VALIDATE_PRODUCT = YES;
			};
			name = Release;
		};
		8B24A5C11A0C4B1000AA956A /* Debug */ = {
			isa = XCBuildConfiguration;
			buildSettings = {
				ASSETCATALOG_COMPILER_APPICON_NAME = AppIcon;
				INFOPLIST_FILE = Postcard/Info.plist;
				LD_RUNPATH_SEARCH_PATHS = "$(inherited) @executable_path/Frameworks";
				PRODUCT_NAME = "$(TARGET_NAME)";
			};
			name = Debug;
		};
		8B24A5C21A0C4B1000AA956A /* Release */ = {
			isa = XCBuildConfiguration;
			buildSettings = {
				ASSETCATALOG_COMPILER_APPICON_NAME = AppIcon;
				INFOPLIST_FILE = Postcard/Info.plist;
				LD_RUNPATH_SEARCH_PATHS = "$(inherited) @executable_path/Frameworks";
				PRODUCT_NAME = "$(TARGET_NAME)";
			};
			name = Release;
		};
		8B24A5C41A0C4B1000AA956A /* Debug */ = {
			isa = XCBuildConfiguration;
			buildSettings = {
				BUNDLE_LOADER = "$(TEST_HOST)";
				FRAMEWORK_SEARCH_PATHS = (
					"$(SDKROOT)/Developer/Library/Frameworks",
					"$(inherited)",
				);
				GCC_PREPROCESSOR_DEFINITIONS = (
					"DEBUG=1",
					"$(inherited)",
				);
				INFOPLIST_FILE = PostcardTests/Info.plist;
				LD_RUNPATH_SEARCH_PATHS = "$(inherited) @executable_path/Frameworks @loader_path/Frameworks";
				PRODUCT_NAME = "$(TARGET_NAME)";
				TEST_HOST = "$(BUILT_PRODUCTS_DIR)/Postcard.app/Postcard";
			};
			name = Debug;
		};
		8B24A5C51A0C4B1000AA956A /* Release */ = {
			isa = XCBuildConfiguration;
			buildSettings = {
				BUNDLE_LOADER = "$(TEST_HOST)";
				FRAMEWORK_SEARCH_PATHS = (
					"$(SDKROOT)/Developer/Library/Frameworks",
					"$(inherited)",
				);
				INFOPLIST_FILE = PostcardTests/Info.plist;
				LD_RUNPATH_SEARCH_PATHS = "$(inherited) @executable_path/Frameworks @loader_path/Frameworks";
				PRODUCT_NAME = "$(TARGET_NAME)";
				TEST_HOST = "$(BUILT_PRODUCTS_DIR)/Postcard.app/Postcard";
			};
			name = Release;
		};
/* End XCBuildConfiguration section */

/* Begin XCConfigurationList section */
		8B24A59C1A0C4B0E00AA956A /* Build configuration list for PBXProject "Postcard" */ = {
			isa = XCConfigurationList;
			buildConfigurations = (
				8B24A5BE1A0C4B1000AA956A /* Debug */,
				8B24A5BF1A0C4B1000AA956A /* Release */,
			);
			defaultConfigurationIsVisible = 0;
			defaultConfigurationName = Release;
		};
		8B24A5C01A0C4B1000AA956A /* Build configuration list for PBXNativeTarget "Postcard" */ = {
			isa = XCConfigurationList;
			buildConfigurations = (
				8B24A5C11A0C4B1000AA956A /* Debug */,
				8B24A5C21A0C4B1000AA956A /* Release */,
			);
			defaultConfigurationIsVisible = 0;
			defaultConfigurationName = Release;
		};
		8B24A5C31A0C4B1000AA956A /* Build configuration list for PBXNativeTarget "PostcardTests" */ = {
			isa = XCConfigurationList;
			buildConfigurations = (
				8B24A5C41A0C4B1000AA956A /* Debug */,
				8B24A5C51A0C4B1000AA956A /* Release */,
			);
			defaultConfigurationIsVisible = 0;
			defaultConfigurationName = Release;
		};
/* End XCConfigurationList section */
	};
	rootObject = 8B24A5991A0C4B0E00AA956A /* Project object */;
}
